
Microsoft Visual Studio Solution File, Format Version 12.00
# Visual Studio Version 17
VisualStudioVersion = 17.9.34714.143
MinimumVisualStudioVersion = 10.0.40219.1
Project("{9A19103F-16F7-4668-BE54-9A1E7A4F7556}") = "01_CSharpFundamentals", "01_CSharpFundamentals\01_CSharpFundamentals.csproj", "{44ED5C66-4417-4A58-A327-057D2FF3C46B}"
EndProject
Project("{9A19103F-16F7-4668-BE54-9A1E7A4F7556}") = "01_Calculator", "01_Calculator\01_Calculator.csproj", "{19E08813-2502-4EE8-960B-98D6B6C7464F}"
EndProject
Project("{9A19103F-16F7-4668-BE54-9A1E7A4F7556}") = "01_TodoList", "01_TodoList\01_TodoList.csproj", "{9AB55540-7E12-4BD0-BC30-1CB35630C6A5}"
EndProject
Project("{FAE04EC0-301F-11D3-BF4B-00C04F79EFBC}") = "02_BasicsOfOOP", "02_BasicsOfOOP\02_BasicsOfOOP.csproj", "{E6C56901-5556-4920-B176-24CD614B054D}"
EndProject
Project("{FAE04EC0-301F-11D3-BF4B-00C04F79EFBC}") = "02_NamesBeforeRefactorToSRP", "2_NamesBeforeRefactorToSRP\02_NamesBeforeRefactorToSRP.csproj", "{413B4AE6-6A20-46EE-85C8-346B5B72689D}"
EndProject
Project("{FAE04EC0-301F-11D3-BF4B-00C04F79EFBC}") = "02_NamesAfterRefactorToSRP", "02_NamesAfterRefactorToSRP\02_NamesAfterRefactorToSRP.csproj", "{3BDBFD82-5652-42B7-8969-CE7207296589}"
EndProject
Project("{FAE04EC0-301F-11D3-BF4B-00C04F79EFBC}") = "02_DiceRollGame", "02_DiceRollGame\02_DiceRollGame.csproj", "{8D92A90B-62BD-453B-A372-39A87003290E}"
EndProject
Global
	GlobalSection(SolutionConfigurationPlatforms) = preSolution
		Debug|Any CPU = Debug|Any CPU
		Release|Any CPU = Release|Any CPU
	EndGlobalSection
	GlobalSection(ProjectConfigurationPlatforms) = postSolution
		{44ED5C66-4417-4A58-A327-057D2FF3C46B}.Debug|Any CPU.ActiveCfg = Debug|Any CPU
		{44ED5C66-4417-4A58-A327-057D2FF3C46B}.Debug|Any CPU.Build.0 = Debug|Any CPU
		{44ED5C66-4417-4A58-A327-057D2FF3C46B}.Release|Any CPU.ActiveCfg = Release|Any CPU
		{44ED5C66-4417-4A58-A327-057D2FF3C46B}.Release|Any CPU.Build.0 = Release|Any CPU
		{19E08813-2502-4EE8-960B-98D6B6C7464F}.Debug|Any CPU.ActiveCfg = Debug|Any CPU
		{19E08813-2502-4EE8-960B-98D6B6C7464F}.Debug|Any CPU.Build.0 = Debug|Any CPU
		{19E08813-2502-4EE8-960B-98D6B6C7464F}.Release|Any CPU.ActiveCfg = Release|Any CPU
		{19E08813-2502-4EE8-960B-98D6B6C7464F}.Release|Any CPU.Build.0 = Release|Any CPU
		{9AB55540-7E12-4BD0-BC30-1CB35630C6A5}.Debug|Any CPU.ActiveCfg = Debug|Any CPU
		{9AB55540-7E12-4BD0-BC30-1CB35630C6A5}.Debug|Any CPU.Build.0 = Debug|Any CPU
		{9AB55540-7E12-4BD0-BC30-1CB35630C6A5}.Release|Any CPU.ActiveCfg = Release|Any CPU
		{9AB55540-7E12-4BD0-BC30-1CB35630C6A5}.Release|Any CPU.Build.0 = Release|Any CPU
		{E6C56901-5556-4920-B176-24CD614B054D}.Debug|Any CPU.ActiveCfg = Debug|Any CPU
		{E6C56901-5556-4920-B176-24CD614B054D}.Debug|Any CPU.Build.0 = Debug|Any CPU
		{E6C56901-5556-4920-B176-24CD614B054D}.Release|Any CPU.ActiveCfg = Release|Any CPU
		{E6C56901-5556-4920-B176-24CD614B054D}.Release|Any CPU.Build.0 = Release|Any CPU
		{413B4AE6-6A20-46EE-85C8-346B5B72689D}.Debug|Any CPU.ActiveCfg = Debug|Any CPU
		{413B4AE6-6A20-46EE-85C8-346B5B72689D}.Debug|Any CPU.Build.0 = Debug|Any CPU
		{413B4AE6-6A20-46EE-85C8-346B5B72689D}.Release|Any CPU.ActiveCfg = Release|Any CPU
		{413B4AE6-6A20-46EE-85C8-346B5B72689D}.Release|Any CPU.Build.0 = Release|Any CPU
		{3BDBFD82-5652-42B7-8969-CE7207296589}.Debug|Any CPU.ActiveCfg = Debug|Any CPU
		{3BDBFD82-5652-42B7-8969-CE7207296589}.Debug|Any CPU.Build.0 = Debug|Any CPU
		{3BDBFD82-5652-42B7-8969-CE7207296589}.Release|Any CPU.ActiveCfg = Release|Any CPU
		{3BDBFD82-5652-42B7-8969-CE7207296589}.Release|Any CPU.Build.0 = Release|Any CPU
		{8D92A90B-62BD-453B-A372-39A87003290E}.Debug|Any CPU.ActiveCfg = Debug|Any CPU
		{8D92A90B-62BD-453B-A372-39A87003290E}.Debug|Any CPU.Build.0 = Debug|Any CPU
		{8D92A90B-62BD-453B-A372-39A87003290E}.Release|Any CPU.ActiveCfg = Release|Any CPU
		{8D92A90B-62BD-453B-A372-39A87003290E}.Release|Any CPU.Build.0 = Release|Any CPU
	EndGlobalSection
	GlobalSection(SolutionProperties) = preSolution
		HideSolutionNode = FALSE
	EndGlobalSection
	GlobalSection(ExtensibilityGlobals) = postSolution
		SolutionGuid = {1789833E-245E-42C6-8933-BB7CAFC20C8F}
	EndGlobalSection
EndGlobal
